<?xml version="1.0" encoding="utf-8"?>
<Project ToolsVersion="4.0" xmlns="http://schemas.microsoft.com/developer/msbuild/2003">
  <ItemGroup>
    <Filter Include="Source Files">
      <UniqueIdentifier>{4FC737F1-C7A5-4376-A066-2A32D752A2FF}</UniqueIdentifier>
      <Extensions>cpp;c;cc;cxx;def;odl;idl;hpj;bat;asm;asmx</Extensions>
    </Filter>
    <Filter Include="Header Files">
      <UniqueIdentifier>{93995380-89BD-4b04-88EB-625FBE52EBFB}</UniqueIdentifier>
      <Extensions>h;hh;hpp;hxx;hm;inl;inc;xsd</Extensions>
    </Filter>
    <Filter Include="Resource Files">
      <UniqueIdentifier>{67DA6AB6-F800-4c08-8B7A-83BB121AAD01}</UniqueIdentifier>
      <Extensions>rc;ico;cur;bmp;dlg;rc2;rct;bin;rgs;gif;jpg;jpeg;jpe;resx;tiff;tif;png;wav;mfcribbon-ms</Extensions>
    </Filter>
  </ItemGroup>
  <ItemGroup>
    <ClInclude Include="Eos\Eos.h">
      <Filter>Header Files</Filter>
    </ClInclude>
    <ClInclude Include="Eos\HeapAllocator.h">
      <Filter>Header Files</Filter>
    </ClInclude>
    <ClInclude Include="Eos\LinearAllocator.h">
      <Filter>Header Files</Filter>
    </ClInclude>
    <ClInclude Include="Eos\MemoryManager.h">
      <Filter>Header Files</Filter>
    </ClInclude>
    <ClInclude Include="Eos\SmartPointer.h">
      <Filter>Header Files</Filter>
    </ClInclude>
    <ClInclude Include="Eos\StackAllocator.h">
      <Filter>Header Files</Filter>
    </ClInclude>
    <ClInclude Include="Eos\StlAllocators.h">
      <Filter>Header Files</Filter>
    </ClInclude>
    <ClInclude Include="Eos\StlAllocatorsMacro.h">
      <Filter>Header Files</Filter>
    </ClInclude>
    <ClInclude Include="Eos\CoreDefs.h">
      <Filter>Header Files</Filter>
    </ClInclude>
    <ClInclude Include="Eos\MemoryFunctions.h">
      <Filter>Header Files</Filter>
    </ClInclude>
    <ClInclude Include="Eos\Log.h">
      <Filter>Header Files</Filter>
    </ClInclude>
    <ClInclude Include="Eos\Allocator.h">
      <Filter>Header Files</Filter>
    </ClInclude>
    <ClInclude Include="Eos\MallocAllocator.h">
      <Filter>Header Files</Filter>
    </ClInclude>
    <ClInclude Include="Eos\MemoryAllocationHeaderPolicy.h">
      <Filter>Header Files</Filter>
    </ClInclude>
    <ClInclude Include="Eos\MemoryAllocationPolicy.h">
      <Filter>Header Files</Filter>
    </ClInclude>
    <ClInclude Include="Eos\MemoryAreaPolicy.h">
      <Filter>Header Files</Filter>
    </ClInclude>
    <ClInclude Include="Eos\MemoryBoundsCheckingPolicy.h">
      <Filter>Header Files</Filter>
    </ClInclude>
    <ClInclude Include="Eos\MemoryBuddyAllocator.h">
      <Filter>Header Files</Filter>
    </ClInclude>
    <ClInclude Include="Eos\MemoryFreeList.h">
      <Filter>Header Files</Filter>
    </ClInclude>
    <ClInclude Include="Eos\MemoryTaggingPolicy.h">
      <Filter>Header Files</Filter>
    </ClInclude>
    <ClInclude Include="Eos\MemoryThreadPolicy.h">
      <Filter>Header Files</Filter>
    </ClInclude>
    <ClInclude Include="Eos\MemoryTrackingPolicy.h">
      <Filter>Header Files</Filter>
    </ClInclude>
    <ClInclude Include="Eos\MemoryUtils.h">
      <Filter>Header Files</Filter>
    </ClInclude>
    <ClInclude Include="Eos\NonCopyable.h">
      <Filter>Header Files</Filter>
    </ClInclude>
    <ClInclude Include="Eos\PoolAllocator.h">
      <Filter>Header Files</Filter>
    </ClInclude>
    <ClInclude Include="Eos\StackFromBottomAllocatorPolicy.h">
      <Filter>Header Files</Filter>
    </ClInclude>
    <ClInclude Include="Eos\StackFromTopAllocatorPolicy.h">
      <Filter>Header Files</Filter>
    </ClInclude>
    <ClInclude Include="Eos\StlAllocator.h">
      <Filter>Header Files</Filter>
    </ClInclude>
    <ClInclude Include="Eos\StlAllocatorsTypes.h">
      <Filter>Header Files</Filter>
    </ClInclude>
    <ClInclude Include="Eos\VirtualMemory.h">
      <Filter>Header Files</Filter>
    </ClInclude>
  </ItemGroup>
  <ItemGroup>
    <ClCompile Include="Test.cpp">
      <Filter>Source Files</Filter>
    </ClCompile>
  </ItemGroup>
</Project>